<?xml version="1.0" encoding="utf-8"?>
<Project ToolsVersion="4.0" xmlns="http://schemas.microsoft.com/developer/msbuild/2003">
  <ItemGroup>
    <ClCompile Include="background.cpp" />
    <ClCompile Include="billboard.cpp" />
    <ClCompile Include="camera.cpp" />
    <ClCompile Include="collision.cpp" />
    <ClCompile Include="cube.cpp" />
    <ClCompile Include="debugproc.cpp" />
    <ClCompile Include="Edit.cpp" />
    <ClCompile Include="fade.cpp" />
    <ClCompile Include="game.cpp" />
    <ClCompile Include="gear.cpp" />
    <ClCompile Include="input.cpp" />
    <ClCompile Include="inputPad.cpp" />
    <ClCompile Include="light.cpp" />
    <ClCompile Include="main.cpp" />
    <ClCompile Include="meshField.cpp" />
    <ClCompile Include="mode.cpp" />
    <ClCompile Include="motion.cpp" />
    <ClCompile Include="moveCube.cpp" />
    <ClCompile Include="pause.cpp" />
    <ClCompile Include="player.cpp" />
    <ClCompile Include="result.cpp" />
    <ClCompile Include="sheet.cpp" />
    <ClCompile Include="sound.cpp" />
    <ClCompile Include="title.cpp" />
    <ClCompile Include="TitlePreBtn.cpp" />
    <ClCompile Include="ranking.cpp" />
    <ClCompile Include="timer.cpp" />
    <ClCompile Include="goal.cpp" />
  </ItemGroup>
  <ItemGroup>
    <ClInclude Include="background.h" />
    <ClInclude Include="billboard.h" />
    <ClInclude Include="camera.h" />
    <ClInclude Include="collision.h" />
    <ClInclude Include="cube.h" />
    <ClInclude Include="debugproc.h" />
    <ClInclude Include="Edit.h" />
    <ClInclude Include="fade.h" />
    <ClInclude Include="game.h" />
    <ClInclude Include="gear.h" />
    <ClInclude Include="input.h" />
    <ClInclude Include="inputPad.h" />
    <ClInclude Include="light.h" />
    <ClInclude Include="main.h" />
    <ClInclude Include="meshField.h" />
    <ClInclude Include="mode.h" />
    <ClInclude Include="motion.h" />
    <ClInclude Include="moveCube.h" />
    <ClInclude Include="pause.h" />
    <ClInclude Include="player.h" />
    <ClInclude Include="result.h" />
    <ClInclude Include="sheet.h" />
    <ClInclude Include="sound.h" />
    <ClInclude Include="title.h" />
    <ClInclude Include="TitlePreBtn.h" />
    <ClInclude Include="ranking.h" />
    <ClInclude Include="timer.h" />
    <ClInclude Include="goal.h" />
  </ItemGroup>
</Project>